// !$*UTF8*$!
{
	archiveVersion = 1;
	classes = {
	};
	objectVersion = 56;
	objects = {

/* Begin PBXBuildFile section */
		3427A1B72917B8950099EEDB /* BreakTimer Watch App.app in Embed Watch Content */ = {isa = PBXBuildFile; fileRef = 3427A1B62917B8950099EEDB /* BreakTimer Watch App.app */; settings = {ATTRIBUTES = (RemoveHeadersOnCopy, ); }; };
		3427A1BC2917B8950099EEDB /* BreakTimerApp.swift in Sources */ = {isa = PBXBuildFile; fileRef = 3427A1BB2917B8950099EEDB /* BreakTimerApp.swift */; };
		3427A1BE2917B8950099EEDB /* ContentView.swift in Sources */ = {isa = PBXBuildFile; fileRef = 3427A1BD2917B8950099EEDB /* ContentView.swift */; };
		3427A1C02917B8960099EEDB /* Assets.xcassets in Resources */ = {isa = PBXBuildFile; fileRef = 3427A1BF2917B8960099EEDB /* Assets.xcassets */; };
		3427A1C32917B8960099EEDB /* Preview Assets.xcassets in Resources */ = {isa = PBXBuildFile; fileRef = 3427A1C22917B8960099EEDB /* Preview Assets.xcassets */; };
		3427A1CE2917E9F60099EEDB /* TimerView.swift in Sources */ = {isa = PBXBuildFile; fileRef = 3427A1CD2917E9F60099EEDB /* TimerView.swift */; };
		3427A1D02917E9FF0099EEDB /* HomeView.swift in Sources */ = {isa = PBXBuildFile; fileRef = 3427A1CF2917E9FF0099EEDB /* HomeView.swift */; };
		3427A1D22917EA030099EEDB /* SettingView.swift in Sources */ = {isa = PBXBuildFile; fileRef = 3427A1D12917EA030099EEDB /* SettingView.swift */; };
		3427A1DA291803AE0099EEDB /* TimerViewModel.swift in Sources */ = {isa = PBXBuildFile; fileRef = 3427A1D9291803AE0099EEDB /* TimerViewModel.swift */; };
		3427A1DD29180B700099EEDB /* HomeViewModel.swift in Sources */ = {isa = PBXBuildFile; fileRef = 3427A1DC29180B700099EEDB /* HomeViewModel.swift */; };
		3427A1E3291815210099EEDB /* TimerState.swift in Sources */ = {isa = PBXBuildFile; fileRef = 3427A1E2291815210099EEDB /* TimerState.swift */; };
		3427A1E62918174C0099EEDB /* TimeFormatter.swift in Sources */ = {isa = PBXBuildFile; fileRef = 3427A1E52918174C0099EEDB /* TimeFormatter.swift */; };
/* End PBXBuildFile section */

/* Begin PBXContainerItemProxy section */
		3427A1B82917B8950099EEDB /* PBXContainerItemProxy */ = {
			isa = PBXContainerItemProxy;
			containerPortal = 3427A1AA2917B8950099EEDB /* Project object */;
			proxyType = 1;
			remoteGlobalIDString = 3427A1B52917B8950099EEDB;
			remoteInfo = "BreakTimer Watch App";
		};
/* End PBXContainerItemProxy section */

/* Begin PBXCopyFilesBuildPhase section */
		3427A1C92917B8960099EEDB /* Embed Watch Content */ = {
			isa = PBXCopyFilesBuildPhase;
			buildActionMask = 2147483647;
			dstPath = "$(CONTENTS_FOLDER_PATH)/Watch";
			dstSubfolderSpec = 16;
			files = (
				3427A1B72917B8950099EEDB /* BreakTimer Watch App.app in Embed Watch Content */,
			);
			name = "Embed Watch Content";
			runOnlyForDeploymentPostprocessing = 0;
		};
/* End PBXCopyFilesBuildPhase section */

/* Begin PBXFileReference section */
		3427A1B02917B8950099EEDB /* BreakTimer.app */ = {isa = PBXFileReference; explicitFileType = wrapper.application; includeInIndex = 0; path = BreakTimer.app; sourceTree = BUILT_PRODUCTS_DIR; };
		3427A1B62917B8950099EEDB /* BreakTimer Watch App.app */ = {isa = PBXFileReference; explicitFileType = wrapper.application; includeInIndex = 0; path = "BreakTimer Watch App.app"; sourceTree = BUILT_PRODUCTS_DIR; };
		3427A1BB2917B8950099EEDB /* BreakTimerApp.swift */ = {isa = PBXFileReference; lastKnownFileType = sourcecode.swift; path = BreakTimerApp.swift; sourceTree = "<group>"; };
		3427A1BD2917B8950099EEDB /* ContentView.swift */ = {isa = PBXFileReference; lastKnownFileType = sourcecode.swift; path = ContentView.swift; sourceTree = "<group>"; };
		3427A1BF2917B8960099EEDB /* Assets.xcassets */ = {isa = PBXFileReference; lastKnownFileType = folder.assetcatalog; path = Assets.xcassets; sourceTree = "<group>"; };
		3427A1C22917B8960099EEDB /* Preview Assets.xcassets */ = {isa = PBXFileReference; lastKnownFileType = folder.assetcatalog; path = "Preview Assets.xcassets"; sourceTree = "<group>"; };
		3427A1CD2917E9F60099EEDB /* TimerView.swift */ = {isa = PBXFileReference; lastKnownFileType = sourcecode.swift; path = TimerView.swift; sourceTree = "<group>"; };
		3427A1CF2917E9FF0099EEDB /* HomeView.swift */ = {isa = PBXFileReference; lastKnownFileType = sourcecode.swift; path = HomeView.swift; sourceTree = "<group>"; };
		3427A1D12917EA030099EEDB /* SettingView.swift */ = {isa = PBXFileReference; lastKnownFileType = sourcecode.swift; path = SettingView.swift; sourceTree = "<group>"; };
		3427A1D9291803AE0099EEDB /* TimerViewModel.swift */ = {isa = PBXFileReference; lastKnownFileType = sourcecode.swift; path = TimerViewModel.swift; sourceTree = "<group>"; };
		3427A1DC29180B700099EEDB /* HomeViewModel.swift */ = {isa = PBXFileReference; lastKnownFileType = sourcecode.swift; path = HomeViewModel.swift; sourceTree = "<group>"; };
		3427A1E2291815210099EEDB /* TimerState.swift */ = {isa = PBXFileReference; lastKnownFileType = sourcecode.swift; path = TimerState.swift; sourceTree = "<group>"; };
		3427A1E52918174C0099EEDB /* TimeFormatter.swift */ = {isa = PBXFileReference; lastKnownFileType = sourcecode.swift; path = TimeFormatter.swift; sourceTree = "<group>"; };
/* End PBXFileReference section */

/* Begin PBXFrameworksBuildPhase section */
		3427A1B32917B8950099EEDB /* Frameworks */ = {
			isa = PBXFrameworksBuildPhase;
			buildActionMask = 2147483647;
			files = (
			);
			runOnlyForDeploymentPostprocessing = 0;
		};
/* End PBXFrameworksBuildPhase section */

/* Begin PBXGroup section */
		3427A1A92917B8950099EEDB = {
			isa = PBXGroup;
			children = (
				3427A1BA2917B8950099EEDB /* BreakTimer Watch App */,
				3427A1B12917B8950099EEDB /* Products */,
			);
			sourceTree = "<group>";
		};
		3427A1B12917B8950099EEDB /* Products */ = {
			isa = PBXGroup;
			children = (
				3427A1B02917B8950099EEDB /* BreakTimer.app */,
				3427A1B62917B8950099EEDB /* BreakTimer Watch App.app */,
			);
			name = Products;
			sourceTree = "<group>";
		};
		3427A1BA2917B8950099EEDB /* BreakTimer Watch App */ = {
			isa = PBXGroup;
			children = (
				3427A1BB2917B8950099EEDB /* BreakTimerApp.swift */,
				3427A1BD2917B8950099EEDB /* ContentView.swift */,
				3427A1E42918173A0099EEDB /* Utils */,
				3427A1D52917EA150099EEDB /* HomeView */,
				3427A1D32917EA080099EEDB /* TimerView */,
				3427A1D62917EA220099EEDB /* SettingView */,
				3427A1BF2917B8960099EEDB /* Assets.xcassets */,
				3427A1C12917B8960099EEDB /* Preview Content */,
			);
			path = "BreakTimer Watch App";
			sourceTree = "<group>";
		};
		3427A1C12917B8960099EEDB /* Preview Content */ = {
			isa = PBXGroup;
			children = (
				3427A1C22917B8960099EEDB /* Preview Assets.xcassets */,
			);
			path = "Preview Content";
			sourceTree = "<group>";
		};
		3427A1D32917EA080099EEDB /* TimerView */ = {
			isa = PBXGroup;
			children = (
				3427A1CD2917E9F60099EEDB /* TimerView.swift */,
				3427A1E2291815210099EEDB /* TimerState.swift */,
				3427A1D9291803AE0099EEDB /* TimerViewModel.swift */,
			);
			path = TimerView;
			sourceTree = "<group>";
		};
		3427A1D52917EA150099EEDB /* HomeView */ = {
			isa = PBXGroup;
			children = (
				3427A1CF2917E9FF0099EEDB /* HomeView.swift */,
				3427A1DC29180B700099EEDB /* HomeViewModel.swift */,
			);
			path = HomeView;
			sourceTree = "<group>";
		};
		3427A1D62917EA220099EEDB /* SettingView */ = {
			isa = PBXGroup;
			children = (
				3427A1D12917EA030099EEDB /* SettingView.swift */,
			);
			path = SettingView;
			sourceTree = "<group>";
		};
		3427A1E42918173A0099EEDB /* Utils */ = {
			isa = PBXGroup;
			children = (
				3427A1E52918174C0099EEDB /* TimeFormatter.swift */,
			);
			path = Utils;
			sourceTree = "<group>";
		};
/* End PBXGroup section */

/* Begin PBXNativeTarget section */
		3427A1AF2917B8950099EEDB /* BreakTimer */ = {
			isa = PBXNativeTarget;
			buildConfigurationList = 3427A1CA2917B8960099EEDB /* Build configuration list for PBXNativeTarget "BreakTimer" */;
			buildPhases = (
				3427A1AE2917B8950099EEDB /* Resources */,
				3427A1C92917B8960099EEDB /* Embed Watch Content */,
			);
			buildRules = (
			);
			dependencies = (
				3427A1B92917B8950099EEDB /* PBXTargetDependency */,
			);
			name = BreakTimer;
			productName = BreakTimer;
			productReference = 3427A1B02917B8950099EEDB /* BreakTimer.app */;
			productType = "com.apple.product-type.application.watchapp2-container";
		};
		3427A1B52917B8950099EEDB /* BreakTimer Watch App */ = {
			isa = PBXNativeTarget;
			buildConfigurationList = 3427A1C62917B8960099EEDB /* Build configuration list for PBXNativeTarget "BreakTimer Watch App" */;
			buildPhases = (
				3427A1B22917B8950099EEDB /* Sources */,
				3427A1B32917B8950099EEDB /* Frameworks */,
				3427A1B42917B8950099EEDB /* Resources */,
			);
			buildRules = (
			);
			dependencies = (
			);
			name = "BreakTimer Watch App";
			productName = "BreakTimer Watch App";
			productReference = 3427A1B62917B8950099EEDB /* BreakTimer Watch App.app */;
			productType = "com.apple.product-type.application";
		};
/* End PBXNativeTarget section */

/* Begin PBXProject section */
		3427A1AA2917B8950099EEDB /* Project object */ = {
			isa = PBXProject;
			attributes = {
				BuildIndependentTargetsInParallel = 1;
				LastSwiftUpdateCheck = 1410;
				LastUpgradeCheck = 1410;
				TargetAttributes = {
					3427A1AF2917B8950099EEDB = {
						CreatedOnToolsVersion = 14.1;
					};
					3427A1B52917B8950099EEDB = {
						CreatedOnToolsVersion = 14.1;
					};
				};
			};
			buildConfigurationList = 3427A1AD2917B8950099EEDB /* Build configuration list for PBXProject "BreakTimer" */;
			compatibilityVersion = "Xcode 14.0";
			developmentRegion = en;
			hasScannedForEncodings = 0;
			knownRegions = (
				en,
				Base,
			);
			mainGroup = 3427A1A92917B8950099EEDB;
			productRefGroup = 3427A1B12917B8950099EEDB /* Products */;
			projectDirPath = "";
			projectRoot = "";
			targets = (
				3427A1AF2917B8950099EEDB /* BreakTimer */,
				3427A1B52917B8950099EEDB /* BreakTimer Watch App */,
			);
		};
/* End PBXProject section */

/* Begin PBXResourcesBuildPhase section */
		3427A1AE2917B8950099EEDB /* Resources */ = {
			isa = PBXResourcesBuildPhase;
			buildActionMask = 2147483647;
			files = (
			);
			runOnlyForDeploymentPostprocessing = 0;
		};
		3427A1B42917B8950099EEDB /* Resources */ = {
			isa = PBXResourcesBuildPhase;
			buildActionMask = 2147483647;
			files = (
				3427A1C32917B8960099EEDB /* Preview Assets.xcassets in Resources */,
				3427A1C02917B8960099EEDB /* Assets.xcassets in Resources */,
			);
			runOnlyForDeploymentPostprocessing = 0;
		};
/* End PBXResourcesBuildPhase section */

/* Begin PBXSourcesBuildPhase section */
		3427A1B22917B8950099EEDB /* Sources */ = {
			isa = PBXSourcesBuildPhase;
			buildActionMask = 2147483647;
			files = (
				3427A1CE2917E9F60099EEDB /* TimerView.swift in Sources */,
				3427A1D22917EA030099EEDB /* SettingView.swift in Sources */,
				3427A1DD29180B700099EEDB /* HomeViewModel.swift in Sources */,
				3427A1D02917E9FF0099EEDB /* HomeView.swift in Sources */,
				3427A1E3291815210099EEDB /* TimerState.swift in Sources */,
				3427A1BE2917B8950099EEDB /* ContentView.swift in Sources */,
				3427A1E62918174C0099EEDB /* TimeFormatter.swift in Sources */,
				3427A1DA291803AE0099EEDB /* TimerViewModel.swift in Sources */,
				3427A1BC2917B8950099EEDB /* BreakTimerApp.swift in Sources */,
			);
			runOnlyForDeploymentPostprocessing = 0;
		};
/* End PBXSourcesBuildPhase section */

/* Begin PBXTargetDependency section */
		3427A1B92917B8950099EEDB /* PBXTargetDependency */ = {
			isa = PBXTargetDependency;
			target = 3427A1B52917B8950099EEDB /* BreakTimer Watch App */;
			targetProxy = 3427A1B82917B8950099EEDB /* PBXContainerItemProxy */;
		};
/* End PBXTargetDependency section */

/* Begin XCBuildConfiguration section */
		3427A1C42917B8960099EEDB /* Debug */ = {
			isa = XCBuildConfiguration;
			buildSettings = {
				ALWAYS_SEARCH_USER_PATHS = NO;
				CLANG_ANALYZER_NONNULL = YES;
				CLANG_ANALYZER_NUMBER_OBJECT_CONVERSION = YES_AGGRESSIVE;
				CLANG_CXX_LANGUAGE_STANDARD = "gnu++20";
				CLANG_ENABLE_MODULES = YES;
				CLANG_ENABLE_OBJC_ARC = YES;
				CLANG_ENABLE_OBJC_WEAK = YES;
				CLANG_WARN_BLOCK_CAPTURE_AUTORELEASING = YES;
				CLANG_WARN_BOOL_CONVERSION = YES;
				CLANG_WARN_COMMA = YES;
				CLANG_WARN_CONSTANT_CONVERSION = YES;
				CLANG_WARN_DEPRECATED_OBJC_IMPLEMENTATIONS = YES;
				CLANG_WARN_DIRECT_OBJC_ISA_USAGE = YES_ERROR;
				CLANG_WARN_DOCUMENTATION_COMMENTS = YES;
				CLANG_WARN_EMPTY_BODY = YES;
				CLANG_WARN_ENUM_CONVERSION = YES;
				CLANG_WARN_INFINITE_RECURSION = YES;
				CLANG_WARN_INT_CONVERSION = YES;
				CLANG_WARN_NON_LITERAL_NULL_CONVERSION = YES;
				CLANG_WARN_OBJC_IMPLICIT_RETAIN_SELF = YES;
				CLANG_WARN_OBJC_LITERAL_CONVERSION = YES;
				CLANG_WARN_OBJC_ROOT_CLASS = YES_ERROR;
				CLANG_WARN_QUOTED_INCLUDE_IN_FRAMEWORK_HEADER = YES;
				CLANG_WARN_RANGE_LOOP_ANALYSIS = YES;
				CLANG_WARN_STRICT_PROTOTYPES = YES;
				CLANG_WARN_SUSPICIOUS_MOVE = YES;
				CLANG_WARN_UNGUARDED_AVAILABILITY = YES_AGGRESSIVE;
				CLANG_WARN_UNREACHABLE_CODE = YES;
				CLANG_WARN__DUPLICATE_METHOD_MATCH = YES;
				COPY_PHASE_STRIP = NO;
				DEBUG_INFORMATION_FORMAT = dwarf;
				ENABLE_STRICT_OBJC_MSGSEND = YES;
				ENABLE_TESTABILITY = YES;
				GCC_C_LANGUAGE_STANDARD = gnu11;
				GCC_DYNAMIC_NO_PIC = NO;
				GCC_NO_COMMON_BLOCKS = YES;
				GCC_OPTIMIZATION_LEVEL = 0;
				GCC_PREPROCESSOR_DEFINITIONS = (
					"DEBUG=1",
					"$(inherited)",
				);
				GCC_WARN_64_TO_32_BIT_CONVERSION = YES;
				GCC_WARN_ABOUT_RETURN_TYPE = YES_ERROR;
				GCC_WARN_UNDECLARED_SELECTOR = YES;
				GCC_WARN_UNINITIALIZED_AUTOS = YES_AGGRESSIVE;
				GCC_WARN_UNUSED_FUNCTION = YES;
				GCC_WARN_UNUSED_VARIABLE = YES;
				MTL_ENABLE_DEBUG_INFO = INCLUDE_SOURCE;
				MTL_FAST_MATH = YES;
				ONLY_ACTIVE_ARCH = YES;
				SWIFT_ACTIVE_COMPILATION_CONDITIONS = DEBUG;
				SWIFT_OPTIMIZATION_LEVEL = "-Onone";
			};
			name = Debug;
		};
		3427A1C52917B8960099EEDB /* Release */ = {
			isa = XCBuildConfiguration;
			buildSettings = {
				ALWAYS_SEARCH_USER_PATHS = NO;
				CLANG_ANALYZER_NONNULL = YES;
				CLANG_ANALYZER_NUMBER_OBJECT_CONVERSION = YES_AGGRESSIVE;
				CLANG_CXX_LANGUAGE_STANDARD = "gnu++20";
				CLANG_ENABLE_MODULES = YES;
				CLANG_ENABLE_OBJC_ARC = YES;
				CLANG_ENABLE_OBJC_WEAK = YES;
				CLANG_WARN_BLOCK_CAPTURE_AUTORELEASING = YES;
				CLANG_WARN_BOOL_CONVERSION = YES;
				CLANG_WARN_COMMA = YES;
				CLANG_WARN_CONSTANT_CONVERSION = YES;
				CLANG_WARN_DEPRECATED_OBJC_IMPLEMENTATIONS = YES;
				CLANG_WARN_DIRECT_OBJC_ISA_USAGE = YES_ERROR;
				CLANG_WARN_DOCUMENTATION_COMMENTS = YES;
				CLANG_WARN_EMPTY_BODY = YES;
				CLANG_WARN_ENUM_CONVERSION = YES;
				CLANG_WARN_INFINITE_RECURSION = YES;
				CLANG_WARN_INT_CONVERSION = YES;
				CLANG_WARN_NON_LITERAL_NULL_CONVERSION = YES;
				CLANG_WARN_OBJC_IMPLICIT_RETAIN_SELF = YES;
				CLANG_WARN_OBJC_LITERAL_CONVERSION = YES;
				CLANG_WARN_OBJC_ROOT_CLASS = YES_ERROR;
				CLANG_WARN_QUOTED_INCLUDE_IN_FRAMEWORK_HEADER = YES;
				CLANG_WARN_RANGE_LOOP_ANALYSIS = YES;
				CLANG_WARN_STRICT_PROTOTYPES = YES;
				CLANG_WARN_SUSPICIOUS_MOVE = YES;
				CLANG_WARN_UNGUARDED_AVAILABILITY = YES_AGGRESSIVE;
				CLANG_WARN_UNREACHABLE_CODE = YES;
				CLANG_WARN__DUPLICATE_METHOD_MATCH = YES;
				COPY_PHASE_STRIP = NO;
				DEBUG_INFORMATION_FORMAT = "dwarf-with-dsym";
				ENABLE_NS_ASSERTIONS = NO;
				ENABLE_STRICT_OBJC_MSGSEND = YES;
				GCC_C_LANGUAGE_STANDARD = gnu11;
				GCC_NO_COMMON_BLOCKS = YES;
				GCC_WARN_64_TO_32_BIT_CONVERSION = YES;
				GCC_WARN_ABOUT_RETURN_TYPE = YES_ERROR;
				GCC_WARN_UNDECLARED_SELECTOR = YES;
				GCC_WARN_UNINITIALIZED_AUTOS = YES_AGGRESSIVE;
				GCC_WARN_UNUSED_FUNCTION = YES;
				GCC_WARN_UNUSED_VARIABLE = YES;
				MTL_ENABLE_DEBUG_INFO = NO;
				MTL_FAST_MATH = YES;
				SWIFT_COMPILATION_MODE = wholemodule;
				SWIFT_OPTIMIZATION_LEVEL = "-O";
			};
			name = Release;
		};
		3427A1C72917B8960099EEDB /* Debug */ = {
			isa = XCBuildConfiguration;
			buildSettings = {
				ASSETCATALOG_COMPILER_APPICON_NAME = AppIcon;
				ASSETCATALOG_COMPILER_GLOBAL_ACCENT_COLOR_NAME = AccentColor;
				CODE_SIGN_STYLE = Automatic;
				CURRENT_PROJECT_VERSION = 1;
				DEVELOPMENT_ASSET_PATHS = "\"BreakTimer Watch App/Preview Content\"";
				DEVELOPMENT_TEAM = JPL38XBHJ4;
				ENABLE_PREVIEWS = YES;
				GENERATE_INFOPLIST_FILE = YES;
				INFOPLIST_KEY_CFBundleDisplayName = BreakTimer;
				INFOPLIST_KEY_UISupportedInterfaceOrientations = "UIInterfaceOrientationPortrait UIInterfaceOrientationPortraitUpsideDown";
				INFOPLIST_KEY_WKWatchOnly = YES;
				LD_RUNPATH_SEARCH_PATHS = (
					"$(inherited)",
					"@executable_path/Frameworks",
				);
				MARKETING_VERSION = 1.0;
				PRODUCT_BUNDLE_IDENTIFIER = com.led.BreakTimer.watchkitapp;
				PRODUCT_NAME = "$(TARGET_NAME)";
				SDKROOT = watchos;
				SKIP_INSTALL = YES;
				SWIFT_EMIT_LOC_STRINGS = YES;
				SWIFT_VERSION = 5.0;
				TARGETED_DEVICE_FAMILY = 4;
				WATCHOS_DEPLOYMENT_TARGET = 9.1;
			};
			name = Debug;
		};
		3427A1C82917B8960099EEDB /* Release */ = {
			isa = XCBuildConfiguration;
			buildSettings = {
				ASSETCATALOG_COMPILER_APPICON_NAME = AppIcon;
				ASSETCATALOG_COMPILER_GLOBAL_ACCENT_COLOR_NAME = AccentColor;
				CODE_SIGN_STYLE = Automatic;
				CURRENT_PROJECT_VERSION = 1;
				DEVELOPMENT_ASSET_PATHS = "\"BreakTimer Watch App/Preview Content\"";
				DEVELOPMENT_TEAM = JPL38XBHJ4;
				ENABLE_PREVIEWS = YES;
				GENERATE_INFOPLIST_FILE = YES;
				INFOPLIST_KEY_CFBundleDisplayName = BreakTimer;
				INFOPLIST_KEY_UISupportedInterfaceOrientations = "UIInterfaceOrientationPortrait UIInterfaceOrientationPortraitUpsideDown";
				INFOPLIST_KEY_WKWatchOnly = YES;
				LD_RUNPATH_SEARCH_PATHS = (
					"$(inherited)",
					"@executable_path/Frameworks",
				);
				MARKETING_VERSION = 1.0;
				PRODUCT_BUNDLE_IDENTIFIER = com.led.BreakTimer.watchkitapp;
				PRODUCT_NAME = "$(TARGET_NAME)";
				SDKROOT = watchos;
				SKIP_INSTALL = YES;
				SWIFT_EMIT_LOC_STRINGS = YES;
				SWIFT_VERSION = 5.0;
				TARGETED_DEVICE_FAMILY = 4;
				VALIDATE_PRODUCT = YES;
				WATCHOS_DEPLOYMENT_TARGET = 9.1;
			};
			name = Release;
		};
		3427A1CB2917B8960099EEDB /* Debug */ = {
			isa = XCBuildConfiguration;
			buildSettings = {
				ALWAYS_EMBED_SWIFT_STANDARD_LIBRARIES = YES;
				CODE_SIGN_STYLE = Automatic;
				CURRENT_PROJECT_VERSION = 1;
				DEVELOPMENT_TEAM = JPL38XBHJ4;
				INFOPLIST_KEY_CFBundleDisplayName = BreakTimer;
				MARKETING_VERSION = 1.0;
				PRODUCT_BUNDLE_IDENTIFIER = com.led.BreakTimer;
				PRODUCT_NAME = "$(TARGET_NAME)";
				SDKROOT = iphoneos;
				SWIFT_VERSION = 5.0;
			};
			name = Debug;
		};
		3427A1CC2917B8960099EEDB /* Release */ = {
			isa = XCBuildConfiguration;
			buildSettings = {
				ALWAYS_EMBED_SWIFT_STANDARD_LIBRARIES = YES;
				CODE_SIGN_STYLE = Automatic;
				CURRENT_PROJECT_VERSION = 1;
				DEVELOPMENT_TEAM = JPL38XBHJ4;
				INFOPLIST_KEY_CFBundleDisplayName = BreakTimer;
				MARKETING_VERSION = 1.0;
				PRODUCT_BUNDLE_IDENTIFIER = com.led.BreakTimer;
				PRODUCT_NAME = "$(TARGET_NAME)";
				SDKROOT = iphoneos;
				SWIFT_VERSION = 5.0;
				VALIDATE_PRODUCT = YES;
			};
			name = Release;
		};
/* End XCBuildConfiguration section */

/* Begin XCConfigurationList section */
		3427A1AD2917B8950099EEDB /* Build configuration list for PBXProject "BreakTimer" */ = {
			isa = XCConfigurationList;
			buildConfigurations = (
				3427A1C42917B8960099EEDB /* Debug */,
				3427A1C52917B8960099EEDB /* Release */,
			);
			defaultConfigurationIsVisible = 0;
			defaultConfigurationName = Release;
		};
		3427A1C62917B8960099EEDB /* Build configuration list for PBXNativeTarget "BreakTimer Watch App" */ = {
			isa = XCConfigurationList;
			buildConfigurations = (
				3427A1C72917B8960099EEDB /* Debug */,
				3427A1C82917B8960099EEDB /* Release */,
			);
			defaultConfigurationIsVisible = 0;
			defaultConfigurationName = Release;
		};
		3427A1CA2917B8960099EEDB /* Build configuration list for PBXNativeTarget "BreakTimer" */ = {
			isa = XCConfigurationList;
			buildConfigurations = (
				3427A1CB2917B8960099EEDB /* Debug */,
				3427A1CC2917B8960099EEDB /* Release */,
			);
			defaultConfigurationIsVisible = 0;
			defaultConfigurationName = Release;
		};
/* End XCConfigurationList section */
	};
	rootObject = 3427A1AA2917B8950099EEDB /* Project object */;
}
